
Microsoft Visual Studio Solution File, Format Version 12.00
# Visual Studio Version 17
VisualStudioVersion = 17.11.35312.102
MinimumVisualStudioVersion = 10.0.40219.1
Project("{FAE04EC0-301F-11D3-BF4B-00C04F79EFBC}") = "NguyenMinhDuc_21103100549", "NguyenMinhDuc_21103100549.csproj", "{F21C83B8-8A39-4932-95FD-5AC6FD3452E2}"
EndProject
Global
	GlobalSection(SolutionConfigurationPlatforms) = preSolution
		Debug|Any CPU = Debug|Any CPU
		Release|Any CPU = Release|Any CPU
	EndGlobalSection
	GlobalSection(ProjectConfigurationPlatforms) = postSolution
		{F21C83B8-8A39-4932-95FD-5AC6FD3452E2}.Debug|Any CPU.ActiveCfg = Debug|Any CPU
		{F21C83B8-8A39-4932-95FD-5AC6FD3452E2}.Debug|Any CPU.Build.0 = Debug|Any CPU
		{F21C83B8-8A39-4932-95FD-5AC6FD3452E2}.Release|Any CPU.ActiveCfg = Release|Any CPU
		{F21C83B8-8A39-4932-95FD-5AC6FD3452E2}.Release|Any CPU.Build.0 = Release|Any CPU
	EndGlobalSection
	GlobalSection(SolutionProperties) = preSolution
		HideSolutionNode = FALSE
	EndGlobalSection
	GlobalSection(ExtensibilityGlobals) = postSolution
		SolutionGuid = {E2F2C620-0EF3-4379-9727-804D7AFCA1C3}
	EndGlobalSection
EndGlobal
